
Microsoft Visual Studio Solution File, Format Version 12.00
# Visual Studio Version 16
VisualStudioVersion = 16.6.30114.105
MinimumVisualStudioVersion = 10.0.40219.1
Project("{FAE04EC0-301F-11D3-BF4B-00C04F79EFBC}") = "Persistance", "Persistance\Persistance.csproj", "{61D43282-99FA-43A8-B73B-3FD817F68948}"
EndProject
Project("{FAE04EC0-301F-11D3-BF4B-00C04F79EFBC}") = "BL", "BL\BL.csproj", "{63EFB260-2DA5-4503-AA32-1D291A173CBC}"
EndProject
Project("{FAE04EC0-301F-11D3-BF4B-00C04F79EFBC}") = "DAL", "DAL\DAL.csproj", "{C39E47CC-6733-42ED-8E90-6A7511B26F09}"
EndProject
Project("{FAE04EC0-301F-11D3-BF4B-00C04F79EFBC}") = "ConsoleApp", "ConsoleApp\ConsoleApp.csproj", "{7F8D9689-22E1-40B2-B546-80BC87729187}"
EndProject
Project("{FAE04EC0-301F-11D3-BF4B-00C04F79EFBC}") = "DALtest", "DALtest\DALtest.csproj", "{3050313A-31F3-4197-B9DD-67C50AF9DE03}"
EndProject
Global
	GlobalSection(SolutionConfigurationPlatforms) = preSolution
		Debug|Any CPU = Debug|Any CPU
		Debug|x64 = Debug|x64
		Debug|x86 = Debug|x86
		Release|Any CPU = Release|Any CPU
		Release|x64 = Release|x64
		Release|x86 = Release|x86
	EndGlobalSection
	GlobalSection(SolutionProperties) = preSolution
		HideSolutionNode = FALSE
	EndGlobalSection
	GlobalSection(ProjectConfigurationPlatforms) = postSolution
		{61D43282-99FA-43A8-B73B-3FD817F68948}.Debug|Any CPU.ActiveCfg = Debug|Any CPU
		{61D43282-99FA-43A8-B73B-3FD817F68948}.Debug|Any CPU.Build.0 = Debug|Any CPU
		{61D43282-99FA-43A8-B73B-3FD817F68948}.Debug|x64.ActiveCfg = Debug|Any CPU
		{61D43282-99FA-43A8-B73B-3FD817F68948}.Debug|x64.Build.0 = Debug|Any CPU
		{61D43282-99FA-43A8-B73B-3FD817F68948}.Debug|x86.ActiveCfg = Debug|Any CPU
		{61D43282-99FA-43A8-B73B-3FD817F68948}.Debug|x86.Build.0 = Debug|Any CPU
		{61D43282-99FA-43A8-B73B-3FD817F68948}.Release|Any CPU.ActiveCfg = Release|Any CPU
		{61D43282-99FA-43A8-B73B-3FD817F68948}.Release|Any CPU.Build.0 = Release|Any CPU
		{61D43282-99FA-43A8-B73B-3FD817F68948}.Release|x64.ActiveCfg = Release|Any CPU
		{61D43282-99FA-43A8-B73B-3FD817F68948}.Release|x64.Build.0 = Release|Any CPU
		{61D43282-99FA-43A8-B73B-3FD817F68948}.Release|x86.ActiveCfg = Release|Any CPU
		{61D43282-99FA-43A8-B73B-3FD817F68948}.Release|x86.Build.0 = Release|Any CPU
		{63EFB260-2DA5-4503-AA32-1D291A173CBC}.Debug|Any CPU.ActiveCfg = Debug|Any CPU
		{63EFB260-2DA5-4503-AA32-1D291A173CBC}.Debug|Any CPU.Build.0 = Debug|Any CPU
		{63EFB260-2DA5-4503-AA32-1D291A173CBC}.Debug|x64.ActiveCfg = Debug|Any CPU
		{63EFB260-2DA5-4503-AA32-1D291A173CBC}.Debug|x64.Build.0 = Debug|Any CPU
		{63EFB260-2DA5-4503-AA32-1D291A173CBC}.Debug|x86.ActiveCfg = Debug|Any CPU
		{63EFB260-2DA5-4503-AA32-1D291A173CBC}.Debug|x86.Build.0 = Debug|Any CPU
		{63EFB260-2DA5-4503-AA32-1D291A173CBC}.Release|Any CPU.ActiveCfg = Release|Any CPU
		{63EFB260-2DA5-4503-AA32-1D291A173CBC}.Release|Any CPU.Build.0 = Release|Any CPU
		{63EFB260-2DA5-4503-AA32-1D291A173CBC}.Release|x64.ActiveCfg = Release|Any CPU
		{63EFB260-2DA5-4503-AA32-1D291A173CBC}.Release|x64.Build.0 = Release|Any CPU
		{63EFB260-2DA5-4503-AA32-1D291A173CBC}.Release|x86.ActiveCfg = Release|Any CPU
		{63EFB260-2DA5-4503-AA32-1D291A173CBC}.Release|x86.Build.0 = Release|Any CPU
		{C39E47CC-6733-42ED-8E90-6A7511B26F09}.Debug|Any CPU.ActiveCfg = Debug|Any CPU
		{C39E47CC-6733-42ED-8E90-6A7511B26F09}.Debug|Any CPU.Build.0 = Debug|Any CPU
		{C39E47CC-6733-42ED-8E90-6A7511B26F09}.Debug|x64.ActiveCfg = Debug|Any CPU
		{C39E47CC-6733-42ED-8E90-6A7511B26F09}.Debug|x64.Build.0 = Debug|Any CPU
		{C39E47CC-6733-42ED-8E90-6A7511B26F09}.Debug|x86.ActiveCfg = Debug|Any CPU
		{C39E47CC-6733-42ED-8E90-6A7511B26F09}.Debug|x86.Build.0 = Debug|Any CPU
		{C39E47CC-6733-42ED-8E90-6A7511B26F09}.Release|Any CPU.ActiveCfg = Release|Any CPU
		{C39E47CC-6733-42ED-8E90-6A7511B26F09}.Release|Any CPU.Build.0 = Release|Any CPU
		{C39E47CC-6733-42ED-8E90-6A7511B26F09}.Release|x64.ActiveCfg = Release|Any CPU
		{C39E47CC-6733-42ED-8E90-6A7511B26F09}.Release|x64.Build.0 = Release|Any CPU
		{C39E47CC-6733-42ED-8E90-6A7511B26F09}.Release|x86.ActiveCfg = Release|Any CPU
		{C39E47CC-6733-42ED-8E90-6A7511B26F09}.Release|x86.Build.0 = Release|Any CPU
		{7F8D9689-22E1-40B2-B546-80BC87729187}.Debug|Any CPU.ActiveCfg = Debug|Any CPU
		{7F8D9689-22E1-40B2-B546-80BC87729187}.Debug|Any CPU.Build.0 = Debug|Any CPU
		{7F8D9689-22E1-40B2-B546-80BC87729187}.Debug|x64.ActiveCfg = Debug|Any CPU
		{7F8D9689-22E1-40B2-B546-80BC87729187}.Debug|x64.Build.0 = Debug|Any CPU
		{7F8D9689-22E1-40B2-B546-80BC87729187}.Debug|x86.ActiveCfg = Debug|Any CPU
		{7F8D9689-22E1-40B2-B546-80BC87729187}.Debug|x86.Build.0 = Debug|Any CPU
		{7F8D9689-22E1-40B2-B546-80BC87729187}.Release|Any CPU.ActiveCfg = Release|Any CPU
		{7F8D9689-22E1-40B2-B546-80BC87729187}.Release|Any CPU.Build.0 = Release|Any CPU
		{7F8D9689-22E1-40B2-B546-80BC87729187}.Release|x64.ActiveCfg = Release|Any CPU
		{7F8D9689-22E1-40B2-B546-80BC87729187}.Release|x64.Build.0 = Release|Any CPU
		{7F8D9689-22E1-40B2-B546-80BC87729187}.Release|x86.ActiveCfg = Release|Any CPU
		{7F8D9689-22E1-40B2-B546-80BC87729187}.Release|x86.Build.0 = Release|Any CPU
		{4537CD7B-6DDB-4639-846C-1486D66AFC58}.Debug|Any CPU.ActiveCfg = Debug|Any CPU
		{4537CD7B-6DDB-4639-846C-1486D66AFC58}.Debug|Any CPU.Build.0 = Debug|Any CPU
		{4537CD7B-6DDB-4639-846C-1486D66AFC58}.Debug|x64.ActiveCfg = Debug|Any CPU
		{4537CD7B-6DDB-4639-846C-1486D66AFC58}.Debug|x64.Build.0 = Debug|Any CPU
		{4537CD7B-6DDB-4639-846C-1486D66AFC58}.Debug|x86.ActiveCfg = Debug|Any CPU
		{4537CD7B-6DDB-4639-846C-1486D66AFC58}.Debug|x86.Build.0 = Debug|Any CPU
		{4537CD7B-6DDB-4639-846C-1486D66AFC58}.Release|Any CPU.ActiveCfg = Release|Any CPU
		{4537CD7B-6DDB-4639-846C-1486D66AFC58}.Release|Any CPU.Build.0 = Release|Any CPU
		{4537CD7B-6DDB-4639-846C-1486D66AFC58}.Release|x64.ActiveCfg = Release|Any CPU
		{4537CD7B-6DDB-4639-846C-1486D66AFC58}.Release|x64.Build.0 = Release|Any CPU
		{4537CD7B-6DDB-4639-846C-1486D66AFC58}.Release|x86.ActiveCfg = Release|Any CPU
		{4537CD7B-6DDB-4639-846C-1486D66AFC58}.Release|x86.Build.0 = Release|Any CPU
		{3050313A-31F3-4197-B9DD-67C50AF9DE03}.Debug|Any CPU.ActiveCfg = Debug|Any CPU
		{3050313A-31F3-4197-B9DD-67C50AF9DE03}.Debug|Any CPU.Build.0 = Debug|Any CPU
		{3050313A-31F3-4197-B9DD-67C50AF9DE03}.Debug|x64.ActiveCfg = Debug|Any CPU
		{3050313A-31F3-4197-B9DD-67C50AF9DE03}.Debug|x64.Build.0 = Debug|Any CPU
		{3050313A-31F3-4197-B9DD-67C50AF9DE03}.Debug|x86.ActiveCfg = Debug|Any CPU
		{3050313A-31F3-4197-B9DD-67C50AF9DE03}.Debug|x86.Build.0 = Debug|Any CPU
		{3050313A-31F3-4197-B9DD-67C50AF9DE03}.Release|Any CPU.ActiveCfg = Release|Any CPU
		{3050313A-31F3-4197-B9DD-67C50AF9DE03}.Release|Any CPU.Build.0 = Release|Any CPU
		{3050313A-31F3-4197-B9DD-67C50AF9DE03}.Release|x64.ActiveCfg = Release|Any CPU
		{3050313A-31F3-4197-B9DD-67C50AF9DE03}.Release|x64.Build.0 = Release|Any CPU
		{3050313A-31F3-4197-B9DD-67C50AF9DE03}.Release|x86.ActiveCfg = Release|Any CPU
		{3050313A-31F3-4197-B9DD-67C50AF9DE03}.Release|x86.Build.0 = Release|Any CPU
	EndGlobalSection
EndGlobal
